// !$*UTF8*$!
{
	archiveVersion = 1;
	classes = {
	};
	objectVersion = 50;
	objects = {

/* Begin PBXBuildFile section */
		0F01C87E209282A4003A5F1E /* main.m in Sources */ = {isa = PBXBuildFile; fileRef = 0F01C87D209282A4003A5F1E /* main.m */; };
		0F01C886209283B9003A5F1E /* InputHandler.m in Sources */ = {isa = PBXBuildFile; fileRef = 0F01C884209283B9003A5F1E /* InputHandler.m */; };
		0F01C88A20928972003A5F1E /* PaymentGateway.m in Sources */ = {isa = PBXBuildFile; fileRef = 0F01C88920928972003A5F1E /* PaymentGateway.m */; };
		0F01C88D20928EA1003A5F1E /* StripePaymentService.m in Sources */ = {isa = PBXBuildFile; fileRef = 0F01C88C20928EA1003A5F1E /* StripePaymentService.m */; };
		0F01C89020928EB3003A5F1E /* PaypalPaymentService.m in Sources */ = {isa = PBXBuildFile; fileRef = 0F01C88F20928EB3003A5F1E /* PaypalPaymentService.m */; };
		0F01C89320928EC2003A5F1E /* AmazonPaymentService.m in Sources */ = {isa = PBXBuildFile; fileRef = 0F01C89220928EC2003A5F1E /* AmazonPaymentService.m */; };
		0F01C896209297F6003A5F1E /* ApplePaymentService.m in Sources */ = {isa = PBXBuildFile; fileRef = 0F01C895209297F6003A5F1E /* ApplePaymentService.m */; };
/* End PBXBuildFile section */

/* Begin PBXCopyFilesBuildPhase section */
		0F01C878209282A4003A5F1E /* CopyFiles */ = {
			isa = PBXCopyFilesBuildPhase;
			buildActionMask = 2147483647;
			dstPath = /usr/share/man/man1/;
			dstSubfolderSpec = 0;
			files = (
			);
			runOnlyForDeploymentPostprocessing = 1;
		};
/* End PBXCopyFilesBuildPhase section */

/* Begin PBXFileReference section */
		0F01C87A209282A4003A5F1E /* Assignment10 */ = {isa = PBXFileReference; explicitFileType = "compiled.mach-o.executable"; includeInIndex = 0; path = Assignment10; sourceTree = BUILT_PRODUCTS_DIR; };
		0F01C87D209282A4003A5F1E /* main.m */ = {isa = PBXFileReference; lastKnownFileType = sourcecode.c.objc; path = main.m; sourceTree = "<group>"; };
		0F01C884209283B9003A5F1E /* InputHandler.m */ = {isa = PBXFileReference; fileEncoding = 4; lastKnownFileType = sourcecode.c.objc; path = InputHandler.m; sourceTree = "<group>"; };
		0F01C885209283B9003A5F1E /* InputHandler.h */ = {isa = PBXFileReference; fileEncoding = 4; lastKnownFileType = sourcecode.c.h; path = InputHandler.h; sourceTree = "<group>"; };
		0F01C88820928972003A5F1E /* PaymentGateway.h */ = {isa = PBXFileReference; lastKnownFileType = sourcecode.c.h; path = PaymentGateway.h; sourceTree = "<group>"; };
		0F01C88920928972003A5F1E /* PaymentGateway.m */ = {isa = PBXFileReference; lastKnownFileType = sourcecode.c.objc; path = PaymentGateway.m; sourceTree = "<group>"; };
		0F01C88B20928EA1003A5F1E /* StripePaymentService.h */ = {isa = PBXFileReference; lastKnownFileType = sourcecode.c.h; path = StripePaymentService.h; sourceTree = "<group>"; };
		0F01C88C20928EA1003A5F1E /* StripePaymentService.m */ = {isa = PBXFileReference; lastKnownFileType = sourcecode.c.objc; path = StripePaymentService.m; sourceTree = "<group>"; };
		0F01C88E20928EB3003A5F1E /* PaypalPaymentService.h */ = {isa = PBXFileReference; lastKnownFileType = sourcecode.c.h; path = PaypalPaymentService.h; sourceTree = "<group>"; };
		0F01C88F20928EB3003A5F1E /* PaypalPaymentService.m */ = {isa = PBXFileReference; lastKnownFileType = sourcecode.c.objc; path = PaypalPaymentService.m; sourceTree = "<group>"; };
		0F01C89120928EC2003A5F1E /* AmazonPaymentService.h */ = {isa = PBXFileReference; lastKnownFileType = sourcecode.c.h; path = AmazonPaymentService.h; sourceTree = "<group>"; };
		0F01C89220928EC2003A5F1E /* AmazonPaymentService.m */ = {isa = PBXFileReference; lastKnownFileType = sourcecode.c.objc; path = AmazonPaymentService.m; sourceTree = "<group>"; };
		0F01C894209297F6003A5F1E /* ApplePaymentService.h */ = {isa = PBXFileReference; lastKnownFileType = sourcecode.c.h; path = ApplePaymentService.h; sourceTree = "<group>"; };
		0F01C895209297F6003A5F1E /* ApplePaymentService.m */ = {isa = PBXFileReference; lastKnownFileType = sourcecode.c.objc; path = ApplePaymentService.m; sourceTree = "<group>"; };
/* End PBXFileReference section */

/* Begin PBXFrameworksBuildPhase section */
		0F01C877209282A4003A5F1E /* Frameworks */ = {
			isa = PBXFrameworksBuildPhase;
			buildActionMask = 2147483647;
			files = (
			);
			runOnlyForDeploymentPostprocessing = 0;
		};
/* End PBXFrameworksBuildPhase section */

/* Begin PBXGroup section */
		0F01C871209282A4003A5F1E = {
			isa = PBXGroup;
			children = (
				0F01C87C209282A4003A5F1E /* Assignment10 */,
				0F01C87B209282A4003A5F1E /* Products */,
			);
			sourceTree = "<group>";
		};
		0F01C87B209282A4003A5F1E /* Products */ = {
			isa = PBXGroup;
			children = (
				0F01C87A209282A4003A5F1E /* Assignment10 */,
			);
			name = Products;
			sourceTree = "<group>";
		};
		0F01C87C209282A4003A5F1E /* Assignment10 */ = {
			isa = PBXGroup;
			children = (
				0F01C87D209282A4003A5F1E /* main.m */,
				0F01C88820928972003A5F1E /* PaymentGateway.h */,
				0F01C88920928972003A5F1E /* PaymentGateway.m */,
				0F01C88B20928EA1003A5F1E /* StripePaymentService.h */,
				0F01C88C20928EA1003A5F1E /* StripePaymentService.m */,
				0F01C88E20928EB3003A5F1E /* PaypalPaymentService.h */,
				0F01C88F20928EB3003A5F1E /* PaypalPaymentService.m */,
				0F01C89120928EC2003A5F1E /* AmazonPaymentService.h */,
				0F01C89220928EC2003A5F1E /* AmazonPaymentService.m */,
				0F01C894209297F6003A5F1E /* ApplePaymentService.h */,
				0F01C895209297F6003A5F1E /* ApplePaymentService.m */,
				0F01C887209283CF003A5F1E /* Until */,
			);
			path = Assignment10;
			sourceTree = "<group>";
		};
		0F01C887209283CF003A5F1E /* Until */ = {
			isa = PBXGroup;
			children = (
				0F01C885209283B9003A5F1E /* InputHandler.h */,
				0F01C884209283B9003A5F1E /* InputHandler.m */,
			);
			path = Until;
			sourceTree = "<group>";
		};
/* End PBXGroup section */

/* Begin PBXNativeTarget section */
		0F01C879209282A4003A5F1E /* Assignment10 */ = {
			isa = PBXNativeTarget;
			buildConfigurationList = 0F01C881209282A4003A5F1E /* Build configuration list for PBXNativeTarget "Assignment10" */;
			buildPhases = (
				0F01C876209282A4003A5F1E /* Sources */,
				0F01C877209282A4003A5F1E /* Frameworks */,
				0F01C878209282A4003A5F1E /* CopyFiles */,
			);
			buildRules = (
			);
			dependencies = (
			);
			name = Assignment10;
			productName = Assignment10;
			productReference = 0F01C87A209282A4003A5F1E /* Assignment10 */;
			productType = "com.apple.product-type.tool";
		};
/* End PBXNativeTarget section */

/* Begin PBXProject section */
		0F01C872209282A4003A5F1E /* Project object */ = {
			isa = PBXProject;
			attributes = {
				LastUpgradeCheck = 0930;
				ORGANIZATIONNAME = "ping tseng tsai";
				TargetAttributes = {
					0F01C879209282A4003A5F1E = {
						CreatedOnToolsVersion = 9.3;
					};
				};
			};
			buildConfigurationList = 0F01C875209282A4003A5F1E /* Build configuration list for PBXProject "Assignment10" */;
			compatibilityVersion = "Xcode 9.3";
			developmentRegion = en;
			hasScannedForEncodings = 0;
			knownRegions = (
				en,
			);
			mainGroup = 0F01C871209282A4003A5F1E;
			productRefGroup = 0F01C87B209282A4003A5F1E /* Products */;
			projectDirPath = "";
			projectRoot = "";
			targets = (
				0F01C879209282A4003A5F1E /* Assignment10 */,
			);
		};
/* End PBXProject section */

/* Begin PBXSourcesBuildPhase section */
		0F01C876209282A4003A5F1E /* Sources */ = {
			isa = PBXSourcesBuildPhase;
			buildActionMask = 2147483647;
			files = (
				0F01C89320928EC2003A5F1E /* AmazonPaymentService.m in Sources */,
				0F01C88A20928972003A5F1E /* PaymentGateway.m in Sources */,
				0F01C87E209282A4003A5F1E /* main.m in Sources */,
				0F01C896209297F6003A5F1E /* ApplePaymentService.m in Sources */,
				0F01C89020928EB3003A5F1E /* PaypalPaymentService.m in Sources */,
				0F01C886209283B9003A5F1E /* InputHandler.m in Sources */,
				0F01C88D20928EA1003A5F1E /* StripePaymentService.m in Sources */,
			);
			runOnlyForDeploymentPostprocessing = 0;
		};
/* End PBXSourcesBuildPhase section */

/* Begin XCBuildConfiguration section */
		0F01C87F209282A4003A5F1E /* Debug */ = {
			isa = XCBuildConfiguration;
			buildSettings = {
				ALWAYS_SEARCH_USER_PATHS = NO;
				CLANG_ANALYZER_NONNULL = YES;
				CLANG_ANALYZER_NUMBER_OBJECT_CONVERSION = YES_AGGRESSIVE;
				CLANG_CXX_LANGUAGE_STANDARD = "gnu++14";
				CLANG_CXX_LIBRARY = "libc++";
				CLANG_ENABLE_MODULES = YES;
				CLANG_ENABLE_OBJC_ARC = YES;
				CLANG_ENABLE_OBJC_WEAK = YES;
				CLANG_WARN_BLOCK_CAPTURE_AUTORELEASING = YES;
				CLANG_WARN_BOOL_CONVERSION = YES;
				CLANG_WARN_COMMA = YES;
				CLANG_WARN_CONSTANT_CONVERSION = YES;
				CLANG_WARN_DEPRECATED_OBJC_IMPLEMENTATIONS = YES;
				CLANG_WARN_DIRECT_OBJC_ISA_USAGE = YES_ERROR;
				CLANG_WARN_DOCUMENTATION_COMMENTS = YES;
				CLANG_WARN_EMPTY_BODY = YES;
				CLANG_WARN_ENUM_CONVERSION = YES;
				CLANG_WARN_INFINITE_RECURSION = YES;
				CLANG_WARN_INT_CONVERSION = YES;
				CLANG_WARN_NON_LITERAL_NULL_CONVERSION = YES;
				CLANG_WARN_OBJC_IMPLICIT_RETAIN_SELF = YES;
				CLANG_WARN_OBJC_LITERAL_CONVERSION = YES;
				CLANG_WARN_OBJC_ROOT_CLASS = YES_ERROR;
				CLANG_WARN_RANGE_LOOP_ANALYSIS = YES;
				CLANG_WARN_STRICT_PROTOTYPES = YES;
				CLANG_WARN_SUSPICIOUS_MOVE = YES;
				CLANG_WARN_UNGUARDED_AVAILABILITY = YES_AGGRESSIVE;
				CLANG_WARN_UNREACHABLE_CODE = YES;
				CLANG_WARN__DUPLICATE_METHOD_MATCH = YES;
				CODE_SIGN_IDENTITY = "-";
				COPY_PHASE_STRIP = NO;
				DEBUG_INFORMATION_FORMAT = dwarf;
				ENABLE_STRICT_OBJC_MSGSEND = YES;
				ENABLE_TESTABILITY = YES;
				GCC_C_LANGUAGE_STANDARD = gnu11;
				GCC_DYNAMIC_NO_PIC = NO;
				GCC_NO_COMMON_BLOCKS = YES;
				GCC_OPTIMIZATION_LEVEL = 0;
				GCC_PREPROCESSOR_DEFINITIONS = (
					"DEBUG=1",
					"$(inherited)",
				);
				GCC_WARN_64_TO_32_BIT_CONVERSION = YES;
				GCC_WARN_ABOUT_RETURN_TYPE = YES_ERROR;
				GCC_WARN_UNDECLARED_SELECTOR = YES;
				GCC_WARN_UNINITIALIZED_AUTOS = YES_AGGRESSIVE;
				GCC_WARN_UNUSED_FUNCTION = YES;
				GCC_WARN_UNUSED_VARIABLE = YES;
				MACOSX_DEPLOYMENT_TARGET = 10.13;
				MTL_ENABLE_DEBUG_INFO = YES;
				ONLY_ACTIVE_ARCH = YES;
				SDKROOT = macosx;
			};
			name = Debug;
		};
		0F01C880209282A4003A5F1E /* Release */ = {
			isa = XCBuildConfiguration;
			buildSettings = {
				ALWAYS_SEARCH_USER_PATHS = NO;
				CLANG_ANALYZER_NONNULL = YES;
				CLANG_ANALYZER_NUMBER_OBJECT_CONVERSION = YES_AGGRESSIVE;
				CLANG_CXX_LANGUAGE_STANDARD = "gnu++14";
				CLANG_CXX_LIBRARY = "libc++";
				CLANG_ENABLE_MODULES = YES;
				CLANG_ENABLE_OBJC_ARC = YES;
				CLANG_ENABLE_OBJC_WEAK = YES;
				CLANG_WARN_BLOCK_CAPTURE_AUTORELEASING = YES;
				CLANG_WARN_BOOL_CONVERSION = YES;
				CLANG_WARN_COMMA = YES;
				CLANG_WARN_CONSTANT_CONVERSION = YES;
				CLANG_WARN_DEPRECATED_OBJC_IMPLEMENTATIONS = YES;
				CLANG_WARN_DIRECT_OBJC_ISA_USAGE = YES_ERROR;
				CLANG_WARN_DOCUMENTATION_COMMENTS = YES;
				CLANG_WARN_EMPTY_BODY = YES;
				CLANG_WARN_ENUM_CONVERSION = YES;
				CLANG_WARN_INFINITE_RECURSION = YES;
				CLANG_WARN_INT_CONVERSION = YES;
				CLANG_WARN_NON_LITERAL_NULL_CONVERSION = YES;
				CLANG_WARN_OBJC_IMPLICIT_RETAIN_SELF = YES;
				CLANG_WARN_OBJC_LITERAL_CONVERSION = YES;
				CLANG_WARN_OBJC_ROOT_CLASS = YES_ERROR;
				CLANG_WARN_RANGE_LOOP_ANALYSIS = YES;
				CLANG_WARN_STRICT_PROTOTYPES = YES;
				CLANG_WARN_SUSPICIOUS_MOVE = YES;
				CLANG_WARN_UNGUARDED_AVAILABILITY = YES_AGGRESSIVE;
				CLANG_WARN_UNREACHABLE_CODE = YES;
				CLANG_WARN__DUPLICATE_METHOD_MATCH = YES;
				CODE_SIGN_IDENTITY = "-";
				COPY_PHASE_STRIP = NO;
				DEBUG_INFORMATION_FORMAT = "dwarf-with-dsym";
				ENABLE_NS_ASSERTIONS = NO;
				ENABLE_STRICT_OBJC_MSGSEND = YES;
				GCC_C_LANGUAGE_STANDARD = gnu11;
				GCC_NO_COMMON_BLOCKS = YES;
				GCC_WARN_64_TO_32_BIT_CONVERSION = YES;
				GCC_WARN_ABOUT_RETURN_TYPE = YES_ERROR;
				GCC_WARN_UNDECLARED_SELECTOR = YES;
				GCC_WARN_UNINITIALIZED_AUTOS = YES_AGGRESSIVE;
				GCC_WARN_UNUSED_FUNCTION = YES;
				GCC_WARN_UNUSED_VARIABLE = YES;
				MACOSX_DEPLOYMENT_TARGET = 10.13;
				MTL_ENABLE_DEBUG_INFO = NO;
				SDKROOT = macosx;
			};
			name = Release;
		};
		0F01C882209282A4003A5F1E /* Debug */ = {
			isa = XCBuildConfiguration;
			buildSettings = {
				CODE_SIGN_STYLE = Automatic;
				PRODUCT_NAME = "$(TARGET_NAME)";
			};
			name = Debug;
		};
		0F01C883209282A4003A5F1E /* Release */ = {
			isa = XCBuildConfiguration;
			buildSettings = {
				CODE_SIGN_STYLE = Automatic;
				PRODUCT_NAME = "$(TARGET_NAME)";
			};
			name = Release;
		};
/* End XCBuildConfiguration section */

/* Begin XCConfigurationList section */
		0F01C875209282A4003A5F1E /* Build configuration list for PBXProject "Assignment10" */ = {
			isa = XCConfigurationList;
			buildConfigurations = (
				0F01C87F209282A4003A5F1E /* Debug */,
				0F01C880209282A4003A5F1E /* Release */,
			);
			defaultConfigurationIsVisible = 0;
			defaultConfigurationName = Release;
		};
		0F01C881209282A4003A5F1E /* Build configuration list for PBXNativeTarget "Assignment10" */ = {
			isa = XCConfigurationList;
			buildConfigurations = (
				0F01C882209282A4003A5F1E /* Debug */,
				0F01C883209282A4003A5F1E /* Release */,
			);
			defaultConfigurationIsVisible = 0;
			defaultConfigurationName = Release;
		};
/* End XCConfigurationList section */
	};
	rootObject = 0F01C872209282A4003A5F1E /* Project object */;
}
